{
  "name": "forge-ui-starter",
  "version": "1.0.0",
  "lockfileVersion": 1,
  "requires": true,
  "dependencies": {
    "@forge/api": {
      "version": "2.0.0",
      "resolved": "https://registry.npmjs.org/@forge/api/-/api-2.0.0.tgz",
      "integrity": "sha512-4eGOE1iuI8gcbBXdG7RHiUju05DwgR6oPrC3RI76LioIqNgS2YnGGJT2zmi03NG9SngpR83gke3IUiCSbs/3FQ==",
      "requires": {
        "@forge/storage": "^1.0.3",
        "@types/node-fetch": "^2.5.7",
        "node-fetch": "^2.6.1"
      }
    },
    "@forge/resolver": {
      "version": "1.3.0",
      "resolved": "https://registry.npmjs.org/@forge/resolver/-/resolver-1.3.0.tgz",
      "integrity": "sha512-pp+jh9flPKsB7ZfV15VOM2gdGn218mZt0NHqWgA6bAs6CI7WIbd0nEQChSeUxx4bXX3QPEZIzXkBVD4qPgKOFQ==",
      "requires": {
        "@forge/api": "2.0.0"
      }
    },
    "@forge/storage": {
      "version": "1.0.3",
      "resolved": "https://registry.npmjs.org/@forge/storage/-/storage-1.0.3.tgz",
      "integrity": "sha512-AlpQCwt6EpIn1LPUQJpeWPN8s+FGxQzU9mu/DInhWZC5OXZWdOXl0HNCGLI66j6TLzww4gMThL0qRVevGax6GA=="
    },
    "@types/node": {
      "version": "15.12.2",
      "resolved": "https://registry.npmjs.org/@types/node/-/node-15.12.2.tgz",
      "integrity": "sha512-zjQ69G564OCIWIOHSXyQEEDpdpGl+G348RAKY0XXy9Z5kU9Vzv1GMNnkar/ZJ8dzXB3COzD9Mo9NtRZ4xfgUww=="
    },
    "@types/node-fetch": {
      "version": "2.5.10",
      "resolved": "https://registry.npmjs.org/@types/node-fetch/-/node-fetch-2.5.10.tgz",
      "integrity": "sha512-IpkX0AasN44hgEad0gEF/V6EgR5n69VEqPEgnmoM8GsIGro3PowbWs4tR6IhxUTyPLpOn+fiGG6nrQhcmoCuIQ==",
      "requires": {
        "@types/node": "*",
        "form-data": "^3.0.0"
      }
    },
    "asynckit": {
      "version": "0.4.0",
      "resolved": "https://registry.npmjs.org/asynckit/-/asynckit-0.4.0.tgz",
      "integrity": "sha1-x57Zf380y48robyXkLzDZkdLS3k="
    },
    "combined-stream": {
      "version": "1.0.8",
      "resolved": "https://registry.npmjs.org/combined-stream/-/combined-stream-1.0.8.tgz",
      "integrity": "sha512-FQN4MRfuJeHf7cBbBMJFXhKSDq+2kAArBlmRBvcvFE5BB1HZKXtSFASDhdlz9zOYwxh8lDdnvmMOe/+5cdoEdg==",
      "requires": {
        "delayed-stream": "~1.0.0"
      }
    },
    "delayed-stream": {
      "version": "1.0.0",
      "resolved": "https://registry.npmjs.org/delayed-stream/-/delayed-stream-1.0.0.tgz",
      "integrity": "sha1-3zrhmayt+31ECqrgsp4icrJOxhk="
    },
    "eslint-plugin-react-hooks": {
      "version": "2.5.1",
      "resolved": "https://registry.npmjs.org/eslint-plugin-react-hooks/-/eslint-plugin-react-hooks-2.5.1.tgz",
      "integrity": "sha512-Y2c4b55R+6ZzwtTppKwSmK/Kar8AdLiC2f9NADCuxbcTgPPg41Gyqa6b9GppgXSvCtkRw43ZE86CT5sejKC6/g==",
      "dev": true
    },
    "form-data": {
      "version": "3.0.1",
      "resolved": "https://registry.npmjs.org/form-data/-/form-data-3.0.1.tgz",
      "integrity": "sha512-RHkBKtLWUVwd7SqRIvCZMEvAMoGUp0XU+seQiZejj0COz3RI3hWP4sCv3gZWWLjJTd7rGwcsF5eKZGii0r/hbg==",
      "requires": {
        "asynckit": "^0.4.0",
        "combined-stream": "^1.0.8",
        "mime-types": "^2.1.12"
      }
    },
    "mime-db": {
      "version": "1.48.0",
      "resolved": "https://registry.npmjs.org/mime-db/-/mime-db-1.48.0.tgz",
      "integrity": "sha512-FM3QwxV+TnZYQ2aRqhlKBMHxk10lTbMt3bBkMAp54ddrNeVSfcQYOOKuGuy3Ddrm38I04If834fOUSq1yzslJQ=="
    },
    "mime-types": {
      "version": "2.1.31",
      "resolved": "https://registry.npmjs.org/mime-types/-/mime-types-2.1.31.tgz",
      "integrity": "sha512-XGZnNzm3QvgKxa8dpzyhFTHmpP3l5YNusmne07VUOXxou9CqUqYa/HBy124RqtVh/O2pECas/MOcsDgpilPOPg==",
      "requires": {
        "mime-db": "1.48.0"
      }
    },
    "node-fetch": {
      "version": "2.6.1",
      "resolved": "https://registry.npmjs.org/node-fetch/-/node-fetch-2.6.1.tgz",
      "integrity": "sha512-V4aYg89jEoVRxRb2fJdAg8FHvI7cEyYdVAh94HH0UIK8oJxUfkjlDQN9RbMx+bEjP7+ggMiFRprSti032Oipxw=="
    }
  }
}
